
Microsoft Visual Studio Solution File, Format Version 12.00
# Visual Studio Version 18
VisualStudioVersion = 18.6.11723.189
MinimumVisualStudioVersion = 10.0.40219.1
Project("{FAE04EC0-301F-11D3-BF4B-00C04F79EFBC}") = "PEPIDI", "PEPIDI.csproj", "{0D2AB274-069E-4311-9B83-A03FB8AECFA1}"
	ProjectSection(ProjectDependencies) = postProject
		{6E740969-C3D5-4164-99D2-BBAE79EAD1D3} = {6E740969-C3D5-4164-99D2-BBAE79EAD1D3}
	EndProjectSection
EndProject
Project("{FAE04EC0-301F-11D3-BF4B-00C04F79EFBC}") = "AgentePEPIDI", "..\AgentePEPIDI\AgentePEPIDI.csproj", "{6E740969-C3D5-4164-99D2-BBAE79EAD1D3}"
EndProject
Global
	GlobalSection(SolutionConfigurationPlatforms) = preSolution
		Debug|Any CPU = Debug|Any CPU
		Release|Any CPU = Release|Any CPU
	EndGlobalSection
	GlobalSection(ProjectConfigurationPlatforms) = postSolution
		{0D2AB274-069E-4311-9B83-A03FB8AECFA1}.Debug|Any CPU.ActiveCfg = Debug|Any CPU
		{0D2AB274-069E-4311-9B83-A03FB8AECFA1}.Debug|Any CPU.Build.0 = Debug|Any CPU
		{0D2AB274-069E-4311-9B83-A03FB8AECFA1}.Release|Any CPU.ActiveCfg = Release|Any CPU
		{0D2AB274-069E-4311-9B83-A03FB8AECFA1}.Release|Any CPU.Build.0 = Release|Any CPU
		{6E740969-C3D5-4164-99D2-BBAE79EAD1D3}.Debug|Any CPU.ActiveCfg = Debug|Any CPU
		{6E740969-C3D5-4164-99D2-BBAE79EAD1D3}.Debug|Any CPU.Build.0 = Debug|Any CPU
		{6E740969-C3D5-4164-99D2-BBAE79EAD1D3}.Release|Any CPU.ActiveCfg = Release|Any CPU
		{6E740969-C3D5-4164-99D2-BBAE79EAD1D3}.Release|Any CPU.Build.0 = Release|Any CPU
	EndGlobalSection
	GlobalSection(SolutionProperties) = preSolution
		HideSolutionNode = FALSE
	EndGlobalSection
	GlobalSection(ExtensibilityGlobals) = postSolution
		SolutionGuid = {89ECF920-53B3-4B9E-8DD3-8F60462262ED}
	EndGlobalSection
EndGlobal
